
Microsoft Visual Studio Solution File, Format Version 12.00
# Visual Studio Version 16
VisualStudioVersion = 16.0.29926.136
MinimumVisualStudioVersion = 10.0.40219.1
Project("{FAE04EC0-301F-11D3-BF4B-00C04F79EFBC}") = "AuthSystem", "AuthSystem\AuthSystem.csproj", "{2528C52E-7175-4747-85D0-F77275E10216}"
EndProject
Global
	GlobalSection(SolutionConfigurationPlatforms) = preSolution
		Debug|Any CPU = Debug|Any CPU
		Release|Any CPU = Release|Any CPU
	EndGlobalSection
	GlobalSection(ProjectConfigurationPlatforms) = postSolution
		{2528C52E-7175-4747-85D0-F77275E10216}.Debug|Any CPU.ActiveCfg = Debug|Any CPU
		{2528C52E-7175-4747-85D0-F77275E10216}.Debug|Any CPU.Build.0 = Debug|Any CPU
		{2528C52E-7175-4747-85D0-F77275E10216}.Release|Any CPU.ActiveCfg = Release|Any CPU
		{2528C52E-7175-4747-85D0-F77275E10216}.Release|Any CPU.Build.0 = Release|Any CPU
	EndGlobalSection
	GlobalSection(SolutionProperties) = preSolution
		HideSolutionNode = FALSE
	EndGlobalSection
	GlobalSection(ExtensibilityGlobals) = postSolution
		SolutionGuid = {05779E5E-3353-4198-BA54-1F8EBA4EFB54}
	EndGlobalSection
EndGlobal
